
Microsoft Visual Studio Solution File, Format Version 12.00
# Visual Studio Version 16
VisualStudioVersion = 16.0.31613.86
MinimumVisualStudioVersion = 10.0.40219.1
Project("{FAE04EC0-301F-11D3-BF4B-00C04F79EFBC}") = "HomeWork_11_6", "HomeWork_11_6\HomeWork_11_6.csproj", "{5AEED208-3188-4FB5-927D-1B76DF6BA713}"
EndProject
Global
	GlobalSection(SolutionConfigurationPlatforms) = preSolution
		Debug|Any CPU = Debug|Any CPU
		Release|Any CPU = Release|Any CPU
	EndGlobalSection
	GlobalSection(ProjectConfigurationPlatforms) = postSolution
		{5AEED208-3188-4FB5-927D-1B76DF6BA713}.Debug|Any CPU.ActiveCfg = Debug|Any CPU
		{5AEED208-3188-4FB5-927D-1B76DF6BA713}.Debug|Any CPU.Build.0 = Debug|Any CPU
		{5AEED208-3188-4FB5-927D-1B76DF6BA713}.Release|Any CPU.ActiveCfg = Release|Any CPU
		{5AEED208-3188-4FB5-927D-1B76DF6BA713}.Release|Any CPU.Build.0 = Release|Any CPU
	EndGlobalSection
	GlobalSection(SolutionProperties) = preSolution
		HideSolutionNode = FALSE
	EndGlobalSection
	GlobalSection(ExtensibilityGlobals) = postSolution
		SolutionGuid = {AD284BD1-96EC-49B3-8233-54A9FE1C9050}
	EndGlobalSection
EndGlobal
